
Microsoft Visual Studio Solution File, Format Version 12.00
# Visual Studio Version 17
VisualStudioVersion = 17.5.33516.290
MinimumVisualStudioVersion = 10.0.40219.1
Project("{8BC9CEB8-8B4A-11D0-8D11-00A0C91BC942}") = "GoldenRatioMethod", "GoldenRatioMethod.vcxproj", "{19A6714F-5FE9-46C1-A510-C3E4D2C6DBB0}"
EndProject
Global
	GlobalSection(SolutionConfigurationPlatforms) = preSolution
		Debug|x64 = Debug|x64
		Debug|x86 = Debug|x86
		Release|x64 = Release|x64
		Release|x86 = Release|x86
	EndGlobalSection
	GlobalSection(ProjectConfigurationPlatforms) = postSolution
		{19A6714F-5FE9-46C1-A510-C3E4D2C6DBB0}.Debug|x64.ActiveCfg = Debug|x64
		{19A6714F-5FE9-46C1-A510-C3E4D2C6DBB0}.Debug|x64.Build.0 = Debug|x64
		{19A6714F-5FE9-46C1-A510-C3E4D2C6DBB0}.Debug|x86.ActiveCfg = Debug|Win32
		{19A6714F-5FE9-46C1-A510-C3E4D2C6DBB0}.Debug|x86.Build.0 = Debug|Win32
		{19A6714F-5FE9-46C1-A510-C3E4D2C6DBB0}.Release|x64.ActiveCfg = Release|x64
		{19A6714F-5FE9-46C1-A510-C3E4D2C6DBB0}.Release|x64.Build.0 = Release|x64
		{19A6714F-5FE9-46C1-A510-C3E4D2C6DBB0}.Release|x86.ActiveCfg = Release|Win32
		{19A6714F-5FE9-46C1-A510-C3E4D2C6DBB0}.Release|x86.Build.0 = Release|Win32
	EndGlobalSection
	GlobalSection(SolutionProperties) = preSolution
		HideSolutionNode = FALSE
	EndGlobalSection
	GlobalSection(ExtensibilityGlobals) = postSolution
		SolutionGuid = {7155314B-B6B0-4D78-9453-BB12830C6079}
	EndGlobalSection
EndGlobal
